
Microsoft Visual Studio Solution File, Format Version 12.00
# Visual Studio Version 16
VisualStudioVersion = 16.0.29709.97
MinimumVisualStudioVersion = 10.0.40219.1
Project("{FAE04EC0-301F-11D3-BF4B-00C04F79EFBC}") = "CCore", "CCore\CCore.csproj", "{5A55941A-D455-4546-A013-358FA8F26986}"
EndProject
Global
	GlobalSection(SolutionConfigurationPlatforms) = preSolution
		Debug|Any CPU = Debug|Any CPU
		Release|Any CPU = Release|Any CPU
	EndGlobalSection
	GlobalSection(ProjectConfigurationPlatforms) = postSolution
		{5A55941A-D455-4546-A013-358FA8F26986}.Debug|Any CPU.ActiveCfg = Debug|Any CPU
		{5A55941A-D455-4546-A013-358FA8F26986}.Debug|Any CPU.Build.0 = Debug|Any CPU
		{5A55941A-D455-4546-A013-358FA8F26986}.Release|Any CPU.ActiveCfg = Release|Any CPU
		{5A55941A-D455-4546-A013-358FA8F26986}.Release|Any CPU.Build.0 = Release|Any CPU
	EndGlobalSection
	GlobalSection(SolutionProperties) = preSolution
		HideSolutionNode = FALSE
	EndGlobalSection
	GlobalSection(ExtensibilityGlobals) = postSolution
		SolutionGuid = {61D8C1FF-2F08-484E-AA41-561E32418DCB}
	EndGlobalSection
EndGlobal
